
Microsoft Visual Studio Solution File, Format Version 12.00
# Visual Studio Version 16
VisualStudioVersion = 16.0.30523.141
MinimumVisualStudioVersion = 10.0.40219.1
Project("{FAE04EC0-301F-11D3-BF4B-00C04F79EFBC}") = "Animals", "Animals\Animals.csproj", "{1AEA21B7-F0CC-457C-9C27-EDBDEE9320A0}"
EndProject
Global
	GlobalSection(SolutionConfigurationPlatforms) = preSolution
		Debug|Any CPU = Debug|Any CPU
		Release|Any CPU = Release|Any CPU
	EndGlobalSection
	GlobalSection(ProjectConfigurationPlatforms) = postSolution
		{1AEA21B7-F0CC-457C-9C27-EDBDEE9320A0}.Debug|Any CPU.ActiveCfg = Debug|Any CPU
		{1AEA21B7-F0CC-457C-9C27-EDBDEE9320A0}.Debug|Any CPU.Build.0 = Debug|Any CPU
		{1AEA21B7-F0CC-457C-9C27-EDBDEE9320A0}.Release|Any CPU.ActiveCfg = Release|Any CPU
		{1AEA21B7-F0CC-457C-9C27-EDBDEE9320A0}.Release|Any CPU.Build.0 = Release|Any CPU
	EndGlobalSection
	GlobalSection(SolutionProperties) = preSolution
		HideSolutionNode = FALSE
	EndGlobalSection
	GlobalSection(ExtensibilityGlobals) = postSolution
		SolutionGuid = {3AE51357-25DE-4292-BA27-BEA76C21DF8B}
	EndGlobalSection
EndGlobal
